
Microsoft Visual Studio Solution File, Format Version 12.00
# Visual Studio Version 17
VisualStudioVersion = 17.11.35327.3
MinimumVisualStudioVersion = 10.0.40219.1
Project("{9A19103F-16F7-4668-BE54-9A1E7A4F7556}") = "Generator", "Generator\Generator.csproj", "{80ABA85D-E7C2-4D3B-8486-9498295FE2E2}"
EndProject
Project("{9A19103F-16F7-4668-BE54-9A1E7A4F7556}") = "StellarRPCSDK", "StellarRPCSDK\StellarRPCSDK.csproj", "{45043F20-7889-40C3-A60D-1E4289F66102}"
EndProject
Project("{9A19103F-16F7-4668-BE54-9A1E7A4F7556}") = "SDKTest", "SDKTest\SDKTest.csproj", "{FD2679C1-A3F9-49B0-AFC7-0E31F56F5662}"
EndProject
Project("{FAE04EC0-301F-11D3-BF4B-00C04F79EFBC}") = "SorobanExample", "SorobanExample\SorobanExample.csproj", "{F78FC535-67F9-464B-9415-873F6B1B8E1E}"
EndProject
Global
	GlobalSection(SolutionConfigurationPlatforms) = preSolution
		Debug|Any CPU = Debug|Any CPU
		Release|Any CPU = Release|Any CPU
	EndGlobalSection
	GlobalSection(ProjectConfigurationPlatforms) = postSolution
		{80ABA85D-E7C2-4D3B-8486-9498295FE2E2}.Debug|Any CPU.ActiveCfg = Debug|Any CPU
		{80ABA85D-E7C2-4D3B-8486-9498295FE2E2}.Debug|Any CPU.Build.0 = Debug|Any CPU
		{80ABA85D-E7C2-4D3B-8486-9498295FE2E2}.Release|Any CPU.ActiveCfg = Release|Any CPU
		{80ABA85D-E7C2-4D3B-8486-9498295FE2E2}.Release|Any CPU.Build.0 = Release|Any CPU
		{45043F20-7889-40C3-A60D-1E4289F66102}.Debug|Any CPU.ActiveCfg = UnityDebug|Any CPU
		{45043F20-7889-40C3-A60D-1E4289F66102}.Debug|Any CPU.Build.0 = UnityDebug|Any CPU
		{45043F20-7889-40C3-A60D-1E4289F66102}.Release|Any CPU.ActiveCfg = Release|Any CPU
		{45043F20-7889-40C3-A60D-1E4289F66102}.Release|Any CPU.Build.0 = Release|Any CPU
		{FD2679C1-A3F9-49B0-AFC7-0E31F56F5662}.Debug|Any CPU.ActiveCfg = UnityDebug|Any CPU
		{FD2679C1-A3F9-49B0-AFC7-0E31F56F5662}.Debug|Any CPU.Build.0 = UnityDebug|Any CPU
		{FD2679C1-A3F9-49B0-AFC7-0E31F56F5662}.Release|Any CPU.ActiveCfg = Release|Any CPU
		{FD2679C1-A3F9-49B0-AFC7-0E31F56F5662}.Release|Any CPU.Build.0 = Release|Any CPU
		{F78FC535-67F9-464B-9415-873F6B1B8E1E}.Debug|Any CPU.ActiveCfg = Debug|Any CPU
		{F78FC535-67F9-464B-9415-873F6B1B8E1E}.Debug|Any CPU.Build.0 = Debug|Any CPU
		{F78FC535-67F9-464B-9415-873F6B1B8E1E}.Release|Any CPU.ActiveCfg = Release|Any CPU
		{F78FC535-67F9-464B-9415-873F6B1B8E1E}.Release|Any CPU.Build.0 = Release|Any CPU
	EndGlobalSection
	GlobalSection(SolutionProperties) = preSolution
		HideSolutionNode = FALSE
	EndGlobalSection
	GlobalSection(ExtensibilityGlobals) = postSolution
		SolutionGuid = {5D7AF319-93BF-4414-87A2-AABCDC9CC639}
	EndGlobalSection
EndGlobal
