
Microsoft Visual Studio Solution File, Format Version 12.00
# Visual Studio Version 17
VisualStudioVersion = 17.11.35327.3
MinimumVisualStudioVersion = 10.0.40219.1
Project("{9A19103F-16F7-4668-BE54-9A1E7A4F7556}") = "Generator", "Generator\Generator.csproj", "{80ABA85D-E7C2-4D3B-8486-9498295FE2E2}"
EndProject
Project("{9A19103F-16F7-4668-BE54-9A1E7A4F7556}") = "StellarRPCSDK", "StellarRPCSDK\StellarRPCSDK.csproj", "{45043F20-7889-40C3-A60D-1E4289F66102}"
EndProject
Project("{9A19103F-16F7-4668-BE54-9A1E7A4F7556}") = "SDKTest", "SDKTest\SDKTest.csproj", "{FD2679C1-A3F9-49B0-AFC7-0E31F56F5662}"
EndProject
Project("{9A19103F-16F7-4668-BE54-9A1E7A4F7556}") = "SorobanExample", "SorobanExample\SorobanExample.csproj", "{F78FC535-67F9-464B-9415-873F6B1B8E1E}"
EndProject
Project("{9A19103F-16F7-4668-BE54-9A1E7A4F7556}") = "StellarRPCSDK_Native", "StellarRPCSDK_Native\StellarRPCSDK_Native.csproj", "{51E95CCA-1D1F-4CA4-9432-DD60F4E63FA7}"
EndProject
Project("{FAE04EC0-301F-11D3-BF4B-00C04F79EFBC}") = "ProtoGenerator", "ProtoGenerator\ProtoGenerator.csproj", "{34B3D68C-0119-485C-A346-CFEEDFC18D24}"
EndProject
Project("{FAE04EC0-301F-11D3-BF4B-00C04F79EFBC}") = "StellarNativeGRPCServerTest", "StellarNativeGRPCServerTest\StellarNativeGRPCServerTest.csproj", "{34349FA2-9484-4C73-A81C-49F639C036E3}"
EndProject
Project("{FAE04EC0-301F-11D3-BF4B-00C04F79EFBC}") = "StellarNativeGRPCClientTest", "StellarNativeGRPCClientTest\StellarNativeGRPCClientTest.csproj", "{5B2AD0C9-0CD2-4CB1-993D-14A0BAC97914}"
EndProject
Project("{2150E333-8FDC-42A3-9474-1A3956D46DE8}") = "Stellar_Tizen", "Stellar_Tizen", "{02EA681E-C7D8-13C7-8484-4AC65E1B71E8}"
EndProject
Project("{FAE04EC0-301F-11D3-BF4B-00C04F79EFBC}") = "Stellar_Tizen", "Stellar_Tizen\Stellar_Tizen\Stellar_Tizen.csproj", "{8F7B2FC5-E97E-83CA-BAB9-4F657122625A}"
EndProject
Project("{FAE04EC0-301F-11D3-BF4B-00C04F79EFBC}") = "Stellar_Tizen.Tizen", "Stellar_Tizen\Stellar_Tizen.Tizen\Stellar_Tizen.Tizen.csproj", "{D0DC6F8C-D84D-BC7D-DD94-B848D50EBEBA}"
EndProject
Project("{2150E333-8FDC-42A3-9474-1A3956D46DE8}") = "Generators", "Generators", "{323E7A7A-EFC7-4D15-98C7-2B4E219A0B39}"
EndProject
Project("{2150E333-8FDC-42A3-9474-1A3956D46DE8}") = "Stellar_ConsoleApps", "Stellar_ConsoleApps", "{026E9717-14E2-40BA-B10C-BA486C9B0ECB}"
EndProject
Project("{2150E333-8FDC-42A3-9474-1A3956D46DE8}") = "SmartContracts", "SmartContracts", "{66051562-3D56-4DA1-8BB7-9D039AC123DA}"
EndProject
Global
	GlobalSection(SolutionConfigurationPlatforms) = preSolution
		Debug|Any CPU = Debug|Any CPU
		Release|Any CPU = Release|Any CPU
	EndGlobalSection
	GlobalSection(ProjectConfigurationPlatforms) = postSolution
		{80ABA85D-E7C2-4D3B-8486-9498295FE2E2}.Debug|Any CPU.ActiveCfg = Debug|Any CPU
		{80ABA85D-E7C2-4D3B-8486-9498295FE2E2}.Debug|Any CPU.Build.0 = Debug|Any CPU
		{80ABA85D-E7C2-4D3B-8486-9498295FE2E2}.Release|Any CPU.ActiveCfg = Release|Any CPU
		{80ABA85D-E7C2-4D3B-8486-9498295FE2E2}.Release|Any CPU.Build.0 = Release|Any CPU
		{45043F20-7889-40C3-A60D-1E4289F66102}.Debug|Any CPU.ActiveCfg = TizenDebug|Any CPU
		{45043F20-7889-40C3-A60D-1E4289F66102}.Debug|Any CPU.Build.0 = TizenDebug|Any CPU
		{45043F20-7889-40C3-A60D-1E4289F66102}.Release|Any CPU.ActiveCfg = Release|Any CPU
		{45043F20-7889-40C3-A60D-1E4289F66102}.Release|Any CPU.Build.0 = Release|Any CPU
		{FD2679C1-A3F9-49B0-AFC7-0E31F56F5662}.Debug|Any CPU.ActiveCfg = Debug|Any CPU
		{FD2679C1-A3F9-49B0-AFC7-0E31F56F5662}.Debug|Any CPU.Build.0 = Debug|Any CPU
		{FD2679C1-A3F9-49B0-AFC7-0E31F56F5662}.Release|Any CPU.ActiveCfg = Release|Any CPU
		{FD2679C1-A3F9-49B0-AFC7-0E31F56F5662}.Release|Any CPU.Build.0 = Release|Any CPU
		{F78FC535-67F9-464B-9415-873F6B1B8E1E}.Debug|Any CPU.ActiveCfg = Debug|Any CPU
		{F78FC535-67F9-464B-9415-873F6B1B8E1E}.Debug|Any CPU.Build.0 = Debug|Any CPU
		{F78FC535-67F9-464B-9415-873F6B1B8E1E}.Release|Any CPU.ActiveCfg = Release|Any CPU
		{F78FC535-67F9-464B-9415-873F6B1B8E1E}.Release|Any CPU.Build.0 = Release|Any CPU
		{51E95CCA-1D1F-4CA4-9432-DD60F4E63FA7}.Debug|Any CPU.ActiveCfg = NativeAOT|Any CPU
		{51E95CCA-1D1F-4CA4-9432-DD60F4E63FA7}.Debug|Any CPU.Build.0 = NativeAOT|Any CPU
		{51E95CCA-1D1F-4CA4-9432-DD60F4E63FA7}.Release|Any CPU.ActiveCfg = Release|Any CPU
		{51E95CCA-1D1F-4CA4-9432-DD60F4E63FA7}.Release|Any CPU.Build.0 = Release|Any CPU
		{34B3D68C-0119-485C-A346-CFEEDFC18D24}.Debug|Any CPU.ActiveCfg = Debug|Any CPU
		{34B3D68C-0119-485C-A346-CFEEDFC18D24}.Debug|Any CPU.Build.0 = Debug|Any CPU
		{34B3D68C-0119-485C-A346-CFEEDFC18D24}.Release|Any CPU.ActiveCfg = Release|Any CPU
		{34B3D68C-0119-485C-A346-CFEEDFC18D24}.Release|Any CPU.Build.0 = Release|Any CPU
		{34349FA2-9484-4C73-A81C-49F639C036E3}.Debug|Any CPU.ActiveCfg = Debug|Any CPU
		{34349FA2-9484-4C73-A81C-49F639C036E3}.Debug|Any CPU.Build.0 = Debug|Any CPU
		{34349FA2-9484-4C73-A81C-49F639C036E3}.Release|Any CPU.ActiveCfg = Release|Any CPU
		{34349FA2-9484-4C73-A81C-49F639C036E3}.Release|Any CPU.Build.0 = Release|Any CPU
		{5B2AD0C9-0CD2-4CB1-993D-14A0BAC97914}.Debug|Any CPU.ActiveCfg = Debug|Any CPU
		{5B2AD0C9-0CD2-4CB1-993D-14A0BAC97914}.Debug|Any CPU.Build.0 = Debug|Any CPU
		{5B2AD0C9-0CD2-4CB1-993D-14A0BAC97914}.Release|Any CPU.ActiveCfg = Release|Any CPU
		{5B2AD0C9-0CD2-4CB1-993D-14A0BAC97914}.Release|Any CPU.Build.0 = Release|Any CPU
		{8F7B2FC5-E97E-83CA-BAB9-4F657122625A}.Debug|Any CPU.ActiveCfg = Debug|Any CPU
		{8F7B2FC5-E97E-83CA-BAB9-4F657122625A}.Debug|Any CPU.Build.0 = Debug|Any CPU
		{8F7B2FC5-E97E-83CA-BAB9-4F657122625A}.Release|Any CPU.ActiveCfg = Release|Any CPU
		{8F7B2FC5-E97E-83CA-BAB9-4F657122625A}.Release|Any CPU.Build.0 = Release|Any CPU
		{D0DC6F8C-D84D-BC7D-DD94-B848D50EBEBA}.Debug|Any CPU.ActiveCfg = Debug|Any CPU
		{D0DC6F8C-D84D-BC7D-DD94-B848D50EBEBA}.Debug|Any CPU.Build.0 = Debug|Any CPU
		{D0DC6F8C-D84D-BC7D-DD94-B848D50EBEBA}.Debug|Any CPU.Deploy.0 = Debug|Any CPU
		{D0DC6F8C-D84D-BC7D-DD94-B848D50EBEBA}.Release|Any CPU.ActiveCfg = Release|Any CPU
		{D0DC6F8C-D84D-BC7D-DD94-B848D50EBEBA}.Release|Any CPU.Build.0 = Release|Any CPU
		{D0DC6F8C-D84D-BC7D-DD94-B848D50EBEBA}.Release|Any CPU.Deploy.0 = Release|Any CPU
	EndGlobalSection
	GlobalSection(SolutionProperties) = preSolution
		HideSolutionNode = FALSE
	EndGlobalSection
	GlobalSection(NestedProjects) = preSolution
		{80ABA85D-E7C2-4D3B-8486-9498295FE2E2} = {323E7A7A-EFC7-4D15-98C7-2B4E219A0B39}
		{FD2679C1-A3F9-49B0-AFC7-0E31F56F5662} = {026E9717-14E2-40BA-B10C-BA486C9B0ECB}
		{F78FC535-67F9-464B-9415-873F6B1B8E1E} = {66051562-3D56-4DA1-8BB7-9D039AC123DA}
		{34B3D68C-0119-485C-A346-CFEEDFC18D24} = {323E7A7A-EFC7-4D15-98C7-2B4E219A0B39}
		{34349FA2-9484-4C73-A81C-49F639C036E3} = {026E9717-14E2-40BA-B10C-BA486C9B0ECB}
		{5B2AD0C9-0CD2-4CB1-993D-14A0BAC97914} = {026E9717-14E2-40BA-B10C-BA486C9B0ECB}
		{8F7B2FC5-E97E-83CA-BAB9-4F657122625A} = {02EA681E-C7D8-13C7-8484-4AC65E1B71E8}
		{D0DC6F8C-D84D-BC7D-DD94-B848D50EBEBA} = {02EA681E-C7D8-13C7-8484-4AC65E1B71E8}
	EndGlobalSection
	GlobalSection(ExtensibilityGlobals) = postSolution
		SolutionGuid = {5D7AF319-93BF-4414-87A2-AABCDC9CC639}
	EndGlobalSection
EndGlobal
